
Microsoft Visual Studio Solution File, Format Version 12.00
# Visual Studio Version 16
VisualStudioVersion = 16.0.31729.503
MinimumVisualStudioVersion = 10.0.40219.1
Project("{FAE04EC0-301F-11D3-BF4B-00C04F79EFBC}") = "Delicious_Food", "Delicious_Food\Delicious_Food.csproj", "{F2FCA165-0782-40A5-ACA8-F20F13FEAB1C}"
EndProject
Global
	GlobalSection(SolutionConfigurationPlatforms) = preSolution
		Debug|Any CPU = Debug|Any CPU
		Release|Any CPU = Release|Any CPU
	EndGlobalSection
	GlobalSection(ProjectConfigurationPlatforms) = postSolution
		{F2FCA165-0782-40A5-ACA8-F20F13FEAB1C}.Debug|Any CPU.ActiveCfg = Debug|Any CPU
		{F2FCA165-0782-40A5-ACA8-F20F13FEAB1C}.Debug|Any CPU.Build.0 = Debug|Any CPU
		{F2FCA165-0782-40A5-ACA8-F20F13FEAB1C}.Release|Any CPU.ActiveCfg = Release|Any CPU
		{F2FCA165-0782-40A5-ACA8-F20F13FEAB1C}.Release|Any CPU.Build.0 = Release|Any CPU
	EndGlobalSection
	GlobalSection(SolutionProperties) = preSolution
		HideSolutionNode = FALSE
	EndGlobalSection
	GlobalSection(ExtensibilityGlobals) = postSolution
		SolutionGuid = {F86C02CD-A786-4E02-873D-7DA821EE2CA9}
	EndGlobalSection
EndGlobal
